// !$*UTF8*$!
{
	archiveVersion = 1;
	classes = {
	};
	objectVersion = 56;
	objects = {

/* Begin PBXBuildFile section */
		796B574E29946742007547B7 /* AppDelegate.swift in Sources */ = {isa = PBXBuildFile; fileRef = 796B574D29946742007547B7 /* AppDelegate.swift */; };
		796B575029946742007547B7 /* SceneDelegate.swift in Sources */ = {isa = PBXBuildFile; fileRef = 796B574F29946742007547B7 /* SceneDelegate.swift */; };
		796B575229946742007547B7 /* ViewController.swift in Sources */ = {isa = PBXBuildFile; fileRef = 796B575129946742007547B7 /* ViewController.swift */; };
		796B575529946742007547B7 /* Main.storyboard in Resources */ = {isa = PBXBuildFile; fileRef = 796B575329946742007547B7 /* Main.storyboard */; };
		796B575729946743007547B7 /* Assets.xcassets in Resources */ = {isa = PBXBuildFile; fileRef = 796B575629946743007547B7 /* Assets.xcassets */; };
		796B575A29946743007547B7 /* LaunchScreen.storyboard in Resources */ = {isa = PBXBuildFile; fileRef = 796B575829946743007547B7 /* LaunchScreen.storyboard */; };
		796B576829946813007547B7 /* OralCancerV3.mlpackage in Sources */ = {isa = PBXBuildFile; fileRef = 796B576729946813007547B7 /* OralCancerV3.mlpackage */; };
		796B576A2994682E007547B7 /* LoadingView.swift in Sources */ = {isa = PBXBuildFile; fileRef = 796B57692994682E007547B7 /* LoadingView.swift */; };
		796B576C2994686A007547B7 /* ResultViewController.swift in Sources */ = {isa = PBXBuildFile; fileRef = 796B576B2994686A007547B7 /* ResultViewController.swift */; };
		796B576F299468F5007547B7 /* ImagePredictor.swift in Sources */ = {isa = PBXBuildFile; fileRef = 796B576D299468F5007547B7 /* ImagePredictor.swift */; };
		796B5770299468F5007547B7 /* Utils.swift in Sources */ = {isa = PBXBuildFile; fileRef = 796B576E299468F5007547B7 /* Utils.swift */; };
/* End PBXBuildFile section */

/* Begin PBXFileReference section */
		796B574A29946742007547B7 /* Oral Diagnosis.app */ = {isa = PBXFileReference; explicitFileType = wrapper.application; includeInIndex = 0; path = "Oral Diagnosis.app"; sourceTree = BUILT_PRODUCTS_DIR; };
		796B574D29946742007547B7 /* AppDelegate.swift */ = {isa = PBXFileReference; lastKnownFileType = sourcecode.swift; path = AppDelegate.swift; sourceTree = "<group>"; };
		796B574F29946742007547B7 /* SceneDelegate.swift */ = {isa = PBXFileReference; lastKnownFileType = sourcecode.swift; path = SceneDelegate.swift; sourceTree = "<group>"; };
		796B575129946742007547B7 /* ViewController.swift */ = {isa = PBXFileReference; lastKnownFileType = sourcecode.swift; path = ViewController.swift; sourceTree = "<group>"; };
		796B575429946742007547B7 /* Base */ = {isa = PBXFileReference; lastKnownFileType = file.storyboard; name = Base; path = Base.lproj/Main.storyboard; sourceTree = "<group>"; };
		796B575629946743007547B7 /* Assets.xcassets */ = {isa = PBXFileReference; lastKnownFileType = folder.assetcatalog; path = Assets.xcassets; sourceTree = "<group>"; };
		796B575929946743007547B7 /* Base */ = {isa = PBXFileReference; lastKnownFileType = file.storyboard; name = Base; path = Base.lproj/LaunchScreen.storyboard; sourceTree = "<group>"; };
		796B575B29946743007547B7 /* Info.plist */ = {isa = PBXFileReference; lastKnownFileType = text.plist.xml; path = Info.plist; sourceTree = "<group>"; };
		796B576729946813007547B7 /* OralCancerV3.mlpackage */ = {isa = PBXFileReference; lastKnownFileType = folder.mlpackage; path = OralCancerV3.mlpackage; sourceTree = "<group>"; };
		796B57692994682E007547B7 /* LoadingView.swift */ = {isa = PBXFileReference; fileEncoding = 4; lastKnownFileType = sourcecode.swift; path = LoadingView.swift; sourceTree = "<group>"; };
		796B576B2994686A007547B7 /* ResultViewController.swift */ = {isa = PBXFileReference; fileEncoding = 4; lastKnownFileType = sourcecode.swift; path = ResultViewController.swift; sourceTree = "<group>"; };
		796B576D299468F5007547B7 /* ImagePredictor.swift */ = {isa = PBXFileReference; fileEncoding = 4; lastKnownFileType = sourcecode.swift; path = ImagePredictor.swift; sourceTree = "<group>"; };
		796B576E299468F5007547B7 /* Utils.swift */ = {isa = PBXFileReference; fileEncoding = 4; lastKnownFileType = sourcecode.swift; path = Utils.swift; sourceTree = "<group>"; };
/* End PBXFileReference section */

/* Begin PBXFrameworksBuildPhase section */
		796B574729946742007547B7 /* Frameworks */ = {
			isa = PBXFrameworksBuildPhase;
			buildActionMask = 2147483647;
			files = (
			);
			runOnlyForDeploymentPostprocessing = 0;
		};
/* End PBXFrameworksBuildPhase section */

/* Begin PBXGroup section */
		796B574129946742007547B7 = {
			isa = PBXGroup;
			children = (
				796B574C29946742007547B7 /* Oral Diagnosis */,
				796B574B29946742007547B7 /* Products */,
			);
			sourceTree = "<group>";
		};
		796B574B29946742007547B7 /* Products */ = {
			isa = PBXGroup;
			children = (
				796B574A29946742007547B7 /* Oral Diagnosis.app */,
			);
			name = Products;
			sourceTree = "<group>";
		};
		796B574C29946742007547B7 /* Oral Diagnosis */ = {
			isa = PBXGroup;
			children = (
				796B576129946752007547B7 /* Models */,
				796B57632994677C007547B7 /* Views */,
				796B57622994675E007547B7 /* ViewControllers */,
				796B5766299467D3007547B7 /* Delegates */,
				796B5765299467AB007547B7 /* Assets */,
			);
			path = "Oral Diagnosis";
			sourceTree = "<group>";
		};
		796B576129946752007547B7 /* Models */ = {
			isa = PBXGroup;
			children = (
				796B576D299468F5007547B7 /* ImagePredictor.swift */,
				796B576E299468F5007547B7 /* Utils.swift */,
			);
			name = Models;
			sourceTree = "<group>";
		};
		796B57622994675E007547B7 /* ViewControllers */ = {
			isa = PBXGroup;
			children = (
				796B575129946742007547B7 /* ViewController.swift */,
				796B576B2994686A007547B7 /* ResultViewController.swift */,
			);
			path = ViewControllers;
			sourceTree = "<group>";
		};
		796B57632994677C007547B7 /* Views */ = {
			isa = PBXGroup;
			children = (
				796B57692994682E007547B7 /* LoadingView.swift */,
				796B575329946742007547B7 /* Main.storyboard */,
				796B575829946743007547B7 /* LaunchScreen.storyboard */,
			);
			path = Views;
			sourceTree = "<group>";
		};
		796B5765299467AB007547B7 /* Assets */ = {
			isa = PBXGroup;
			children = (
				796B575629946743007547B7 /* Assets.xcassets */,
				796B576729946813007547B7 /* OralCancerV3.mlpackage */,
				796B575B29946743007547B7 /* Info.plist */,
			);
			name = Assets;
			sourceTree = "<group>";
		};
		796B5766299467D3007547B7 /* Delegates */ = {
			isa = PBXGroup;
			children = (
				796B574D29946742007547B7 /* AppDelegate.swift */,
				796B574F29946742007547B7 /* SceneDelegate.swift */,
			);
			name = Delegates;
			sourceTree = "<group>";
		};
/* End PBXGroup section */

/* Begin PBXNativeTarget section */
		796B574929946742007547B7 /* Oral Diagnosis */ = {
			isa = PBXNativeTarget;
			buildConfigurationList = 796B575E29946743007547B7 /* Build configuration list for PBXNativeTarget "Oral Diagnosis" */;
			buildPhases = (
				796B574629946742007547B7 /* Sources */,
				796B574729946742007547B7 /* Frameworks */,
				796B574829946742007547B7 /* Resources */,
			);
			buildRules = (
			);
			dependencies = (
			);
			name = "Oral Diagnosis";
			productName = "Oral Diagnosis";
			productReference = 796B574A29946742007547B7 /* Oral Diagnosis.app */;
			productType = "com.apple.product-type.application";
		};
/* End PBXNativeTarget section */

/* Begin PBXProject section */
		796B574229946742007547B7 /* Project object */ = {
			isa = PBXProject;
			attributes = {
				BuildIndependentTargetsInParallel = 1;
				LastSwiftUpdateCheck = 1420;
				LastUpgradeCheck = 1420;
				TargetAttributes = {
					796B574929946742007547B7 = {
						CreatedOnToolsVersion = 14.2;
					};
				};
			};
			buildConfigurationList = 796B574529946742007547B7 /* Build configuration list for PBXProject "Oral Diagnosis" */;
			compatibilityVersion = "Xcode 14.0";
			developmentRegion = en;
			hasScannedForEncodings = 0;
			knownRegions = (
				en,
				Base,
			);
			mainGroup = 796B574129946742007547B7;
			productRefGroup = 796B574B29946742007547B7 /* Products */;
			projectDirPath = "";
			projectRoot = "";
			targets = (
				796B574929946742007547B7 /* Oral Diagnosis */,
			);
		};
/* End PBXProject section */

/* Begin PBXResourcesBuildPhase section */
		796B574829946742007547B7 /* Resources */ = {
			isa = PBXResourcesBuildPhase;
			buildActionMask = 2147483647;
			files = (
				796B575A29946743007547B7 /* LaunchScreen.storyboard in Resources */,
				796B575729946743007547B7 /* Assets.xcassets in Resources */,
				796B575529946742007547B7 /* Main.storyboard in Resources */,
			);
			runOnlyForDeploymentPostprocessing = 0;
		};
/* End PBXResourcesBuildPhase section */

/* Begin PBXSourcesBuildPhase section */
		796B574629946742007547B7 /* Sources */ = {
			isa = PBXSourcesBuildPhase;
			buildActionMask = 2147483647;
			files = (
				796B576829946813007547B7 /* OralCancerV3.mlpackage in Sources */,
				796B575229946742007547B7 /* ViewController.swift in Sources */,
				796B574E29946742007547B7 /* AppDelegate.swift in Sources */,
				796B576A2994682E007547B7 /* LoadingView.swift in Sources */,
				796B576F299468F5007547B7 /* ImagePredictor.swift in Sources */,
				796B575029946742007547B7 /* SceneDelegate.swift in Sources */,
				796B576C2994686A007547B7 /* ResultViewController.swift in Sources */,
				796B5770299468F5007547B7 /* Utils.swift in Sources */,
			);
			runOnlyForDeploymentPostprocessing = 0;
		};
/* End PBXSourcesBuildPhase section */

/* Begin PBXVariantGroup section */
		796B575329946742007547B7 /* Main.storyboard */ = {
			isa = PBXVariantGroup;
			children = (
				796B575429946742007547B7 /* Base */,
			);
			name = Main.storyboard;
			sourceTree = "<group>";
		};
		796B575829946743007547B7 /* LaunchScreen.storyboard */ = {
			isa = PBXVariantGroup;
			children = (
				796B575929946743007547B7 /* Base */,
			);
			name = LaunchScreen.storyboard;
			sourceTree = "<group>";
		};
/* End PBXVariantGroup section */

/* Begin XCBuildConfiguration section */
		796B575C29946743007547B7 /* Debug */ = {
			isa = XCBuildConfiguration;
			buildSettings = {
				ALWAYS_SEARCH_USER_PATHS = NO;
				CLANG_ANALYZER_NONNULL = YES;
				CLANG_ANALYZER_NUMBER_OBJECT_CONVERSION = YES_AGGRESSIVE;
				CLANG_CXX_LANGUAGE_STANDARD = "gnu++20";
				CLANG_ENABLE_MODULES = YES;
				CLANG_ENABLE_OBJC_ARC = YES;
				CLANG_ENABLE_OBJC_WEAK = YES;
				CLANG_WARN_BLOCK_CAPTURE_AUTORELEASING = YES;
				CLANG_WARN_BOOL_CONVERSION = YES;
				CLANG_WARN_COMMA = YES;
				CLANG_WARN_CONSTANT_CONVERSION = YES;
				CLANG_WARN_DEPRECATED_OBJC_IMPLEMENTATIONS = YES;
				CLANG_WARN_DIRECT_OBJC_ISA_USAGE = YES_ERROR;
				CLANG_WARN_DOCUMENTATION_COMMENTS = YES;
				CLANG_WARN_EMPTY_BODY = YES;
				CLANG_WARN_ENUM_CONVERSION = YES;
				CLANG_WARN_INFINITE_RECURSION = YES;
				CLANG_WARN_INT_CONVERSION = YES;
				CLANG_WARN_NON_LITERAL_NULL_CONVERSION = YES;
				CLANG_WARN_OBJC_IMPLICIT_RETAIN_SELF = YES;
				CLANG_WARN_OBJC_LITERAL_CONVERSION = YES;
				CLANG_WARN_OBJC_ROOT_CLASS = YES_ERROR;
				CLANG_WARN_QUOTED_INCLUDE_IN_FRAMEWORK_HEADER = YES;
				CLANG_WARN_RANGE_LOOP_ANALYSIS = YES;
				CLANG_WARN_STRICT_PROTOTYPES = YES;
				CLANG_WARN_SUSPICIOUS_MOVE = YES;
				CLANG_WARN_UNGUARDED_AVAILABILITY = YES_AGGRESSIVE;
				CLANG_WARN_UNREACHABLE_CODE = YES;
				CLANG_WARN__DUPLICATE_METHOD_MATCH = YES;
				COPY_PHASE_STRIP = NO;
				DEBUG_INFORMATION_FORMAT = dwarf;
				ENABLE_STRICT_OBJC_MSGSEND = YES;
				ENABLE_TESTABILITY = YES;
				GCC_C_LANGUAGE_STANDARD = gnu11;
				GCC_DYNAMIC_NO_PIC = NO;
				GCC_NO_COMMON_BLOCKS = YES;
				GCC_OPTIMIZATION_LEVEL = 0;
				GCC_PREPROCESSOR_DEFINITIONS = (
					"DEBUG=1",
					"$(inherited)",
				);
				GCC_WARN_64_TO_32_BIT_CONVERSION = YES;
				GCC_WARN_ABOUT_RETURN_TYPE = YES_ERROR;
				GCC_WARN_UNDECLARED_SELECTOR = YES;
				GCC_WARN_UNINITIALIZED_AUTOS = YES_AGGRESSIVE;
				GCC_WARN_UNUSED_FUNCTION = YES;
				GCC_WARN_UNUSED_VARIABLE = YES;
				IPHONEOS_DEPLOYMENT_TARGET = 16.2;
				MTL_ENABLE_DEBUG_INFO = INCLUDE_SOURCE;
				MTL_FAST_MATH = YES;
				ONLY_ACTIVE_ARCH = YES;
				SDKROOT = iphoneos;
				SWIFT_ACTIVE_COMPILATION_CONDITIONS = DEBUG;
				SWIFT_OPTIMIZATION_LEVEL = "-Onone";
			};
			name = Debug;
		};
		796B575D29946743007547B7 /* Release */ = {
			isa = XCBuildConfiguration;
			buildSettings = {
				ALWAYS_SEARCH_USER_PATHS = NO;
				CLANG_ANALYZER_NONNULL = YES;
				CLANG_ANALYZER_NUMBER_OBJECT_CONVERSION = YES_AGGRESSIVE;
				CLANG_CXX_LANGUAGE_STANDARD = "gnu++20";
				CLANG_ENABLE_MODULES = YES;
				CLANG_ENABLE_OBJC_ARC = YES;
				CLANG_ENABLE_OBJC_WEAK = YES;
				CLANG_WARN_BLOCK_CAPTURE_AUTORELEASING = YES;
				CLANG_WARN_BOOL_CONVERSION = YES;
				CLANG_WARN_COMMA = YES;
				CLANG_WARN_CONSTANT_CONVERSION = YES;
				CLANG_WARN_DEPRECATED_OBJC_IMPLEMENTATIONS = YES;
				CLANG_WARN_DIRECT_OBJC_ISA_USAGE = YES_ERROR;
				CLANG_WARN_DOCUMENTATION_COMMENTS = YES;
				CLANG_WARN_EMPTY_BODY = YES;
				CLANG_WARN_ENUM_CONVERSION = YES;
				CLANG_WARN_INFINITE_RECURSION = YES;
				CLANG_WARN_INT_CONVERSION = YES;
				CLANG_WARN_NON_LITERAL_NULL_CONVERSION = YES;
				CLANG_WARN_OBJC_IMPLICIT_RETAIN_SELF = YES;
				CLANG_WARN_OBJC_LITERAL_CONVERSION = YES;
				CLANG_WARN_OBJC_ROOT_CLASS = YES_ERROR;
				CLANG_WARN_QUOTED_INCLUDE_IN_FRAMEWORK_HEADER = YES;
				CLANG_WARN_RANGE_LOOP_ANALYSIS = YES;
				CLANG_WARN_STRICT_PROTOTYPES = YES;
				CLANG_WARN_SUSPICIOUS_MOVE = YES;
				CLANG_WARN_UNGUARDED_AVAILABILITY = YES_AGGRESSIVE;
				CLANG_WARN_UNREACHABLE_CODE = YES;
				CLANG_WARN__DUPLICATE_METHOD_MATCH = YES;
				COPY_PHASE_STRIP = NO;
				DEBUG_INFORMATION_FORMAT = "dwarf-with-dsym";
				ENABLE_NS_ASSERTIONS = NO;
				ENABLE_STRICT_OBJC_MSGSEND = YES;
				GCC_C_LANGUAGE_STANDARD = gnu11;
				GCC_NO_COMMON_BLOCKS = YES;
				GCC_WARN_64_TO_32_BIT_CONVERSION = YES;
				GCC_WARN_ABOUT_RETURN_TYPE = YES_ERROR;
				GCC_WARN_UNDECLARED_SELECTOR = YES;
				GCC_WARN_UNINITIALIZED_AUTOS = YES_AGGRESSIVE;
				GCC_WARN_UNUSED_FUNCTION = YES;
				GCC_WARN_UNUSED_VARIABLE = YES;
				IPHONEOS_DEPLOYMENT_TARGET = 16.2;
				MTL_ENABLE_DEBUG_INFO = NO;
				MTL_FAST_MATH = YES;
				SDKROOT = iphoneos;
				SWIFT_COMPILATION_MODE = wholemodule;
				SWIFT_OPTIMIZATION_LEVEL = "-O";
				VALIDATE_PRODUCT = YES;
			};
			name = Release;
		};
		796B575F29946743007547B7 /* Debug */ = {
			isa = XCBuildConfiguration;
			buildSettings = {
				ASSETCATALOG_COMPILER_APPICON_NAME = AppIcon;
				ASSETCATALOG_COMPILER_GLOBAL_ACCENT_COLOR_NAME = AccentColor;
				CODE_SIGN_STYLE = Automatic;
				CURRENT_PROJECT_VERSION = 1;
				DEVELOPMENT_TEAM = 3ESTQDBCWT;
				GENERATE_INFOPLIST_FILE = YES;
				INFOPLIST_FILE = "Oral Diagnosis/Info.plist";
				INFOPLIST_KEY_CFBundleDisplayName = "Oral Diagnosis";
				INFOPLIST_KEY_NSCameraUsageDescription = "The camera is used to diagnosis oral disease";
				INFOPLIST_KEY_UIApplicationSupportsIndirectInputEvents = YES;
				INFOPLIST_KEY_UILaunchStoryboardName = LaunchScreen;
				INFOPLIST_KEY_UIMainStoryboardFile = Main;
				INFOPLIST_KEY_UISupportedInterfaceOrientations_iPad = "UIInterfaceOrientationPortrait UIInterfaceOrientationPortraitUpsideDown UIInterfaceOrientationLandscapeLeft UIInterfaceOrientationLandscapeRight";
				INFOPLIST_KEY_UISupportedInterfaceOrientations_iPhone = "UIInterfaceOrientationPortrait UIInterfaceOrientationLandscapeLeft UIInterfaceOrientationLandscapeRight";
				IPHONEOS_DEPLOYMENT_TARGET = 13.0;
				LD_RUNPATH_SEARCH_PATHS = (
					"$(inherited)",
					"@executable_path/Frameworks",
				);
				MARKETING_VERSION = 1.0;
				PRODUCT_BUNDLE_IDENTIFIER = "com.panda.Oral-Diagnosis";
				PRODUCT_NAME = "$(TARGET_NAME)";
				SWIFT_EMIT_LOC_STRINGS = YES;
				SWIFT_VERSION = 5.0;
				TARGETED_DEVICE_FAMILY = "1,2";
			};
			name = Debug;
		};
		796B576029946743007547B7 /* Release */ = {
			isa = XCBuildConfiguration;
			buildSettings = {
				ASSETCATALOG_COMPILER_APPICON_NAME = AppIcon;
				ASSETCATALOG_COMPILER_GLOBAL_ACCENT_COLOR_NAME = AccentColor;
				CODE_SIGN_STYLE = Automatic;
				CURRENT_PROJECT_VERSION = 1;
				DEVELOPMENT_TEAM = 3ESTQDBCWT;
				GENERATE_INFOPLIST_FILE = YES;
				INFOPLIST_FILE = "Oral Diagnosis/Info.plist";
				INFOPLIST_KEY_CFBundleDisplayName = "Oral Diagnosis";
				INFOPLIST_KEY_NSCameraUsageDescription = "The camera is used to diagnosis oral disease";
				INFOPLIST_KEY_UIApplicationSupportsIndirectInputEvents = YES;
				INFOPLIST_KEY_UILaunchStoryboardName = LaunchScreen;
				INFOPLIST_KEY_UIMainStoryboardFile = Main;
				INFOPLIST_KEY_UISupportedInterfaceOrientations_iPad = "UIInterfaceOrientationPortrait UIInterfaceOrientationPortraitUpsideDown UIInterfaceOrientationLandscapeLeft UIInterfaceOrientationLandscapeRight";
				INFOPLIST_KEY_UISupportedInterfaceOrientations_iPhone = "UIInterfaceOrientationPortrait UIInterfaceOrientationLandscapeLeft UIInterfaceOrientationLandscapeRight";
				IPHONEOS_DEPLOYMENT_TARGET = 13.0;
				LD_RUNPATH_SEARCH_PATHS = (
					"$(inherited)",
					"@executable_path/Frameworks",
				);
				MARKETING_VERSION = 1.0;
				PRODUCT_BUNDLE_IDENTIFIER = "com.panda.Oral-Diagnosis";
				PRODUCT_NAME = "$(TARGET_NAME)";
				SWIFT_EMIT_LOC_STRINGS = YES;
				SWIFT_VERSION = 5.0;
				TARGETED_DEVICE_FAMILY = "1,2";
			};
			name = Release;
		};
/* End XCBuildConfiguration section */

/* Begin XCConfigurationList section */
		796B574529946742007547B7 /* Build configuration list for PBXProject "Oral Diagnosis" */ = {
			isa = XCConfigurationList;
			buildConfigurations = (
				796B575C29946743007547B7 /* Debug */,
				796B575D29946743007547B7 /* Release */,
			);
			defaultConfigurationIsVisible = 0;
			defaultConfigurationName = Release;
		};
		796B575E29946743007547B7 /* Build configuration list for PBXNativeTarget "Oral Diagnosis" */ = {
			isa = XCConfigurationList;
			buildConfigurations = (
				796B575F29946743007547B7 /* Debug */,
				796B576029946743007547B7 /* Release */,
			);
			defaultConfigurationIsVisible = 0;
			defaultConfigurationName = Release;
		};
/* End XCConfigurationList section */
	};
	rootObject = 796B574229946742007547B7 /* Project object */;
}
